{
  "requires": true,
  "lockfileVersion": 1,
  "dependencies": {
    "keymaster": {
      "version": "1.6.2",
      "resolved": "https://registry.npmjs.org/keymaster/-/keymaster-1.6.2.tgz",
      "integrity": "sha1-4a5U0OqUiPn2C2a2aPAumhlGxus="
    },
    "react-popup": {
      "version": "0.10.0",
      "resolved": "https://registry.npmjs.org/react-popup/-/react-popup-0.10.0.tgz",
      "integrity": "sha512-NPO65MsAznv/JaP3MDz3DAqKJsA8fEcW5ttzTj6wGXtjPi0qDeB+f+hf4IbMcVrlJ2ZG4uHEdgL6B5QP/AGv3Q==",
      "requires": {
        "keymaster": "^1.6.2"
      }
    }
  }
}
